// !$*UTF8*$!
{
	archiveVersion = 1;
	classes = {
	};
	objectVersion = 56;
	objects = {

/* Begin PBXBuildFile section */
		5C0D6A812C939A7D00B0785D /* Router.swift in Sources */ = {isa = PBXBuildFile; fileRef = 5C0D6A802C939A7D00B0785D /* Router.swift */; };
		5C0D6A842C939D3E00B0785D /* Coordinator.swift in Sources */ = {isa = PBXBuildFile; fileRef = 5C0D6A832C939D3E00B0785D /* Coordinator.swift */; };
		5C0D6A872C93AAA100B0785D /* AboutTheArtistView.swift in Sources */ = {isa = PBXBuildFile; fileRef = 5C0D6A862C93AAA100B0785D /* AboutTheArtistView.swift */; };
		5C1029BA2C8F6C4E00E653AD /* ARViewContainer.swift in Sources */ = {isa = PBXBuildFile; fileRef = 5C1029B92C8F6C4E00E653AD /* ARViewContainer.swift */; };
		5C1D2B2C2C49C7D300D18765 /* IntroductionView.swift in Sources */ = {isa = PBXBuildFile; fileRef = 5C1D2B2B2C49C7D300D18765 /* IntroductionView.swift */; };
		5C202D482CA46CC10032AEF9 /* gotham-bold.otf in Resources */ = {isa = PBXBuildFile; fileRef = 5C202D472CA46CC10032AEF9 /* gotham-bold.otf */; };
		5C202D512CA4AB500032AEF9 /* Font-Gotham.swift in Sources */ = {isa = PBXBuildFile; fileRef = 5C202D502CA4AB500032AEF9 /* Font-Gotham.swift */; };
		5C202D532CA4B2700032AEF9 /* gotham-light.otf in Resources */ = {isa = PBXBuildFile; fileRef = 5C202D522CA4B2700032AEF9 /* gotham-light.otf */; };
		5C202D562CA4B3A10032AEF9 /* gotham-light-italic.otf in Resources */ = {isa = PBXBuildFile; fileRef = 5C202D542CA4B3A10032AEF9 /* gotham-light-italic.otf */; };
		5C3829D02CD084B5004AAAE9 /* UIColor-fromHexString.swift in Sources */ = {isa = PBXBuildFile; fileRef = 5C3829CF2CD084B5004AAAE9 /* UIColor-fromHexString.swift */; };
		5C9453EE2C417B17008E4BAE /* AppDelegate.swift in Sources */ = {isa = PBXBuildFile; fileRef = 5C9453ED2C417B17008E4BAE /* AppDelegate.swift */; };
		5C9453F02C417B17008E4BAE /* ContentView.swift in Sources */ = {isa = PBXBuildFile; fileRef = 5C9453EF2C417B17008E4BAE /* ContentView.swift */; };
		5C9453F22C417B18008E4BAE /* Assets.xcassets in Resources */ = {isa = PBXBuildFile; fileRef = 5C9453F12C417B18008E4BAE /* Assets.xcassets */; };
		5C9453F52C417B18008E4BAE /* Preview Assets.xcassets in Resources */ = {isa = PBXBuildFile; fileRef = 5C9453F42C417B18008E4BAE /* Preview Assets.xcassets */; };
		5C9453FC2C41B220008E4BAE /* WindowDetailView.swift in Sources */ = {isa = PBXBuildFile; fileRef = 5C9453FB2C41B220008E4BAE /* WindowDetailView.swift */; };
		5C98E7FB2C4CA301009BCDD7 /* Constants.swift in Sources */ = {isa = PBXBuildFile; fileRef = 5C98E7FA2C4CA301009BCDD7 /* Constants.swift */; };
		5C98E7FD2C4CA678009BCDD7 /* ListItemView.swift in Sources */ = {isa = PBXBuildFile; fileRef = 5C98E7FC2C4CA678009BCDD7 /* ListItemView.swift */; };
		5C98E7FF2C4CA932009BCDD7 /* ListView.swift in Sources */ = {isa = PBXBuildFile; fileRef = 5C98E7FE2C4CA932009BCDD7 /* ListView.swift */; };
		5CB12B222CADC93C004CE57E /* Storage in Frameworks */ = {isa = PBXBuildFile; productRef = 5CB12B212CADC93C004CE57E /* Storage */; };
		5CB12B242CADC93C004CE57E /* Supabase in Frameworks */ = {isa = PBXBuildFile; productRef = 5CB12B232CADC93C004CE57E /* Supabase */; };
		5CB12B272CADC96B004CE57E /* ViewModel.swift in Sources */ = {isa = PBXBuildFile; fileRef = 5CB12B262CADC96B004CE57E /* ViewModel.swift */; };
		5CB12B2B2CADCAAC004CE57E /* Supabase.swift in Sources */ = {isa = PBXBuildFile; fileRef = 5CB12B2A2CADCAAC004CE57E /* Supabase.swift */; };
		5CB12B2D2CADCE86004CE57E /* Array-NotEmpty.swift in Sources */ = {isa = PBXBuildFile; fileRef = 5CB12B2C2CADCE86004CE57E /* Array-NotEmpty.swift */; };
		5CB5DDA02CB03069009B7F74 /* ViewContent.swift in Sources */ = {isa = PBXBuildFile; fileRef = 5CB5DD9F2CB03069009B7F74 /* ViewContent.swift */; };
		5CB5DDA22CB030D6009B7F74 /* ContentPrepareView.swift in Sources */ = {isa = PBXBuildFile; fileRef = 5CB5DDA12CB030D6009B7F74 /* ContentPrepareView.swift */; };
		5CB5DDA62CB0390B009B7F74 /* OnLoadViewModifier.swift in Sources */ = {isa = PBXBuildFile; fileRef = 5CB5DDA52CB0390B009B7F74 /* OnLoadViewModifier.swift */; };
		5CB5DDA82CB081AE009B7F74 /* FailureView.swift in Sources */ = {isa = PBXBuildFile; fileRef = 5CB5DDA72CB081AE009B7F74 /* FailureView.swift */; };
		5CB5DDAA2CB08D54009B7F74 /* LoadingView.swift in Sources */ = {isa = PBXBuildFile; fileRef = 5CB5DDA92CB08D54009B7F74 /* LoadingView.swift */; };
		5CCC4A4E2CC952C0003719F8 /* WindowDetailCarousel.swift in Sources */ = {isa = PBXBuildFile; fileRef = 5CCC4A4D2CC952C0003719F8 /* WindowDetailCarousel.swift */; };
		5CD2FC8B2C4B1325003A168B /* Window.swift in Sources */ = {isa = PBXBuildFile; fileRef = 5CD2FC8A2C4B1325003A168B /* Window.swift */; };
		5CE7B53C2CD2E6EA009E4B30 /* ARExperience.swift in Sources */ = {isa = PBXBuildFile; fileRef = 5CE7B53B2CD2E6EA009E4B30 /* ARExperience.swift */; };
		5CE99EBB2CD034E0003AE1BF /* WindowDiagramItem.swift in Sources */ = {isa = PBXBuildFile; fileRef = 5CE99EBA2CD034E0003AE1BF /* WindowDiagramItem.swift */; };
		5CE99EC12CD07A1E003AE1BF /* WindowDiagramView.swift in Sources */ = {isa = PBXBuildFile; fileRef = 5CE99EC02CD07A1E003AE1BF /* WindowDiagramView.swift */; };
		5CE99EC32CD07F41003AE1BF /* WindowDiagramModel.swift in Sources */ = {isa = PBXBuildFile; fileRef = 5CE99EC22CD07F41003AE1BF /* WindowDiagramModel.swift */; };
		5CF8F0092C93AFA800608F7F /* BackgroundDetailView.swift in Sources */ = {isa = PBXBuildFile; fileRef = 5CF8F0082C93AFA800608F7F /* BackgroundDetailView.swift */; };
/* End PBXBuildFile section */

/* Begin PBXFileReference section */
		5C0D6A802C939A7D00B0785D /* Router.swift */ = {isa = PBXFileReference; lastKnownFileType = sourcecode.swift; path = Router.swift; sourceTree = "<group>"; };
		5C0D6A832C939D3E00B0785D /* Coordinator.swift */ = {isa = PBXFileReference; lastKnownFileType = sourcecode.swift; path = Coordinator.swift; sourceTree = "<group>"; };
		5C0D6A862C93AAA100B0785D /* AboutTheArtistView.swift */ = {isa = PBXFileReference; lastKnownFileType = sourcecode.swift; path = AboutTheArtistView.swift; sourceTree = "<group>"; };
		5C1029B92C8F6C4E00E653AD /* ARViewContainer.swift */ = {isa = PBXFileReference; lastKnownFileType = sourcecode.swift; path = ARViewContainer.swift; sourceTree = "<group>"; };
		5C1D2B2B2C49C7D300D18765 /* IntroductionView.swift */ = {isa = PBXFileReference; lastKnownFileType = sourcecode.swift; path = IntroductionView.swift; sourceTree = "<group>"; };
		5C202D472CA46CC10032AEF9 /* gotham-bold.otf */ = {isa = PBXFileReference; lastKnownFileType = file; path = "gotham-bold.otf"; sourceTree = "<group>"; };
		5C202D4D2CA46E9C0032AEF9 /* Info.plist */ = {isa = PBXFileReference; lastKnownFileType = text.plist; path = Info.plist; sourceTree = "<group>"; };
		5C202D502CA4AB500032AEF9 /* Font-Gotham.swift */ = {isa = PBXFileReference; lastKnownFileType = sourcecode.swift; path = "Font-Gotham.swift"; sourceTree = "<group>"; };
		5C202D522CA4B2700032AEF9 /* gotham-light.otf */ = {isa = PBXFileReference; lastKnownFileType = file; path = "gotham-light.otf"; sourceTree = "<group>"; };
		5C202D542CA4B3A10032AEF9 /* gotham-light-italic.otf */ = {isa = PBXFileReference; lastKnownFileType = file; path = "gotham-light-italic.otf"; sourceTree = "<group>"; };
		5C3829CF2CD084B5004AAAE9 /* UIColor-fromHexString.swift */ = {isa = PBXFileReference; lastKnownFileType = sourcecode.swift; path = "UIColor-fromHexString.swift"; sourceTree = "<group>"; };
		5C9453EA2C417B17008E4BAE /* bethorwindows.app */ = {isa = PBXFileReference; explicitFileType = wrapper.application; includeInIndex = 0; path = bethorwindows.app; sourceTree = BUILT_PRODUCTS_DIR; };
		5C9453ED2C417B17008E4BAE /* AppDelegate.swift */ = {isa = PBXFileReference; lastKnownFileType = sourcecode.swift; path = AppDelegate.swift; sourceTree = "<group>"; };
		5C9453EF2C417B17008E4BAE /* ContentView.swift */ = {isa = PBXFileReference; lastKnownFileType = sourcecode.swift; path = ContentView.swift; sourceTree = "<group>"; };
		5C9453F12C417B18008E4BAE /* Assets.xcassets */ = {isa = PBXFileReference; lastKnownFileType = folder.assetcatalog; path = Assets.xcassets; sourceTree = "<group>"; };
		5C9453F42C417B18008E4BAE /* Preview Assets.xcassets */ = {isa = PBXFileReference; lastKnownFileType = folder.assetcatalog; path = "Preview Assets.xcassets"; sourceTree = "<group>"; };
		5C9453FB2C41B220008E4BAE /* WindowDetailView.swift */ = {isa = PBXFileReference; lastKnownFileType = sourcecode.swift; path = WindowDetailView.swift; sourceTree = "<group>"; };
		5C98E7FA2C4CA301009BCDD7 /* Constants.swift */ = {isa = PBXFileReference; lastKnownFileType = sourcecode.swift; path = Constants.swift; sourceTree = "<group>"; };
		5C98E7FC2C4CA678009BCDD7 /* ListItemView.swift */ = {isa = PBXFileReference; lastKnownFileType = sourcecode.swift; path = ListItemView.swift; sourceTree = "<group>"; };
		5C98E7FE2C4CA932009BCDD7 /* ListView.swift */ = {isa = PBXFileReference; lastKnownFileType = sourcecode.swift; path = ListView.swift; sourceTree = "<group>"; };
		5CB12B262CADC96B004CE57E /* ViewModel.swift */ = {isa = PBXFileReference; lastKnownFileType = sourcecode.swift; path = ViewModel.swift; sourceTree = "<group>"; };
		5CB12B2A2CADCAAC004CE57E /* Supabase.swift */ = {isa = PBXFileReference; lastKnownFileType = sourcecode.swift; path = Supabase.swift; sourceTree = "<group>"; };
		5CB12B2C2CADCE86004CE57E /* Array-NotEmpty.swift */ = {isa = PBXFileReference; lastKnownFileType = sourcecode.swift; path = "Array-NotEmpty.swift"; sourceTree = "<group>"; };
		5CB5DD9F2CB03069009B7F74 /* ViewContent.swift */ = {isa = PBXFileReference; lastKnownFileType = sourcecode.swift; path = ViewContent.swift; sourceTree = "<group>"; };
		5CB5DDA12CB030D6009B7F74 /* ContentPrepareView.swift */ = {isa = PBXFileReference; lastKnownFileType = sourcecode.swift; path = ContentPrepareView.swift; sourceTree = "<group>"; };
		5CB5DDA52CB0390B009B7F74 /* OnLoadViewModifier.swift */ = {isa = PBXFileReference; lastKnownFileType = sourcecode.swift; path = OnLoadViewModifier.swift; sourceTree = "<group>"; };
		5CB5DDA72CB081AE009B7F74 /* FailureView.swift */ = {isa = PBXFileReference; lastKnownFileType = sourcecode.swift; path = FailureView.swift; sourceTree = "<group>"; };
		5CB5DDA92CB08D54009B7F74 /* LoadingView.swift */ = {isa = PBXFileReference; lastKnownFileType = sourcecode.swift; path = LoadingView.swift; sourceTree = "<group>"; };
		5CCC4A4D2CC952C0003719F8 /* WindowDetailCarousel.swift */ = {isa = PBXFileReference; lastKnownFileType = sourcecode.swift; path = WindowDetailCarousel.swift; sourceTree = "<group>"; };
		5CD2FC8A2C4B1325003A168B /* Window.swift */ = {isa = PBXFileReference; lastKnownFileType = sourcecode.swift; path = Window.swift; sourceTree = "<group>"; };
		5CE7B53B2CD2E6EA009E4B30 /* ARExperience.swift */ = {isa = PBXFileReference; lastKnownFileType = sourcecode.swift; path = ARExperience.swift; sourceTree = "<group>"; };
		5CE99EBA2CD034E0003AE1BF /* WindowDiagramItem.swift */ = {isa = PBXFileReference; lastKnownFileType = sourcecode.swift; path = WindowDiagramItem.swift; sourceTree = "<group>"; };
		5CE99EC02CD07A1E003AE1BF /* WindowDiagramView.swift */ = {isa = PBXFileReference; lastKnownFileType = sourcecode.swift; path = WindowDiagramView.swift; sourceTree = "<group>"; };
		5CE99EC22CD07F41003AE1BF /* WindowDiagramModel.swift */ = {isa = PBXFileReference; lastKnownFileType = sourcecode.swift; path = WindowDiagramModel.swift; sourceTree = "<group>"; };
		5CF8F0082C93AFA800608F7F /* BackgroundDetailView.swift */ = {isa = PBXFileReference; lastKnownFileType = sourcecode.swift; path = BackgroundDetailView.swift; sourceTree = "<group>"; };
/* End PBXFileReference section */

/* Begin PBXFrameworksBuildPhase section */
		5C9453E72C417B17008E4BAE /* Frameworks */ = {
			isa = PBXFrameworksBuildPhase;
			buildActionMask = 2147483647;
			files = (
				5CB12B242CADC93C004CE57E /* Supabase in Frameworks */,
				5CB12B222CADC93C004CE57E /* Storage in Frameworks */,
			);
			runOnlyForDeploymentPostprocessing = 0;
		};
/* End PBXFrameworksBuildPhase section */

/* Begin PBXGroup section */
		5C0D6A822C939D2000B0785D /* ARExperience */ = {
			isa = PBXGroup;
			children = (
				5C1029B92C8F6C4E00E653AD /* ARViewContainer.swift */,
				5C0D6A832C939D3E00B0785D /* Coordinator.swift */,
				5CE7B53B2CD2E6EA009E4B30 /* ARExperience.swift */,
			);
			path = ARExperience;
			sourceTree = "<group>";
		};
		5C0D6A852C939DEA00B0785D /* Views */ = {
			isa = PBXGroup;
			children = (
				5C9453FB2C41B220008E4BAE /* WindowDetailView.swift */,
				5C1D2B2B2C49C7D300D18765 /* IntroductionView.swift */,
				5C0D6A862C93AAA100B0785D /* AboutTheArtistView.swift */,
				5CF8F0082C93AFA800608F7F /* BackgroundDetailView.swift */,
				5CCC4A4D2CC952C0003719F8 /* WindowDetailCarousel.swift */,
				5CE99EBA2CD034E0003AE1BF /* WindowDiagramItem.swift */,
				5CE99EC02CD07A1E003AE1BF /* WindowDiagramView.swift */,
			);
			path = Views;
			sourceTree = "<group>";
		};
		5C1029BB2C8F6CDB00E653AD /* List */ = {
			isa = PBXGroup;
			children = (
				5C98E7FC2C4CA678009BCDD7 /* ListItemView.swift */,
				5C98E7FE2C4CA932009BCDD7 /* ListView.swift */,
			);
			path = List;
			sourceTree = "<group>";
		};
		5C202D462CA46C850032AEF9 /* fonts */ = {
			isa = PBXGroup;
			children = (
				5C202D472CA46CC10032AEF9 /* gotham-bold.otf */,
				5C202D522CA4B2700032AEF9 /* gotham-light.otf */,
				5C202D542CA4B3A10032AEF9 /* gotham-light-italic.otf */,
			);
			path = fonts;
			sourceTree = "<group>";
		};
		5C202D4E2CA4AAE30032AEF9 /* Extensions */ = {
			isa = PBXGroup;
			children = (
				5C202D502CA4AB500032AEF9 /* Font-Gotham.swift */,
				5CB12B2C2CADCE86004CE57E /* Array-NotEmpty.swift */,
				5C3829CF2CD084B5004AAAE9 /* UIColor-fromHexString.swift */,
			);
			path = Extensions;
			sourceTree = "<group>";
		};
		5C9453E12C417B17008E4BAE = {
			isa = PBXGroup;
			children = (
				5C9453EC2C417B17008E4BAE /* bethorwindows */,
				5C202D4E2CA4AAE30032AEF9 /* Extensions */,
				5C9453EB2C417B17008E4BAE /* Products */,
			);
			sourceTree = "<group>";
		};
		5C9453EB2C417B17008E4BAE /* Products */ = {
			isa = PBXGroup;
			children = (
				5C9453EA2C417B17008E4BAE /* bethorwindows.app */,
			);
			name = Products;
			sourceTree = "<group>";
		};
		5C9453EC2C417B17008E4BAE /* bethorwindows */ = {
			isa = PBXGroup;
			children = (
				5C9453F32C417B18008E4BAE /* Preview Content */,
				5C202D4D2CA46E9C0032AEF9 /* Info.plist */,
				5C9453F12C417B18008E4BAE /* Assets.xcassets */,
				5C202D462CA46C850032AEF9 /* fonts */,
				5C0D6A822C939D2000B0785D /* ARExperience */,
				5C1029BB2C8F6CDB00E653AD /* List */,
				5C0D6A852C939DEA00B0785D /* Views */,
				5C9453ED2C417B17008E4BAE /* AppDelegate.swift */,
				5C9453EF2C417B17008E4BAE /* ContentView.swift */,
				5CD2FC8A2C4B1325003A168B /* Window.swift */,
				5C98E7FA2C4CA301009BCDD7 /* Constants.swift */,
				5C0D6A802C939A7D00B0785D /* Router.swift */,
				5CB12B262CADC96B004CE57E /* ViewModel.swift */,
				5CB12B2A2CADCAAC004CE57E /* Supabase.swift */,
				5CB5DD9F2CB03069009B7F74 /* ViewContent.swift */,
				5CB5DDA12CB030D6009B7F74 /* ContentPrepareView.swift */,
				5CB5DDA52CB0390B009B7F74 /* OnLoadViewModifier.swift */,
				5CB5DDA72CB081AE009B7F74 /* FailureView.swift */,
				5CB5DDA92CB08D54009B7F74 /* LoadingView.swift */,
				5CE99EC22CD07F41003AE1BF /* WindowDiagramModel.swift */,
			);
			path = bethorwindows;
			sourceTree = "<group>";
		};
		5C9453F32C417B18008E4BAE /* Preview Content */ = {
			isa = PBXGroup;
			children = (
				5C9453F42C417B18008E4BAE /* Preview Assets.xcassets */,
			);
			path = "Preview Content";
			sourceTree = "<group>";
		};
/* End PBXGroup section */

/* Begin PBXNativeTarget section */
		5C9453E92C417B17008E4BAE /* bethorwindows */ = {
			isa = PBXNativeTarget;
			buildConfigurationList = 5C9453F82C417B18008E4BAE /* Build configuration list for PBXNativeTarget "bethorwindows" */;
			buildPhases = (
				5C9453E62C417B17008E4BAE /* Sources */,
				5C9453E72C417B17008E4BAE /* Frameworks */,
				5C9453E82C417B17008E4BAE /* Resources */,
			);
			buildRules = (
			);
			dependencies = (
			);
			name = bethorwindows;
			productName = bethorwindows;
			productReference = 5C9453EA2C417B17008E4BAE /* bethorwindows.app */;
			productType = "com.apple.product-type.application";
		};
/* End PBXNativeTarget section */

/* Begin PBXProject section */
		5C9453E22C417B17008E4BAE /* Project object */ = {
			isa = PBXProject;
			attributes = {
				BuildIndependentTargetsInParallel = 1;
				LastSwiftUpdateCheck = 1540;
				LastUpgradeCheck = 1540;
				TargetAttributes = {
					5C9453E92C417B17008E4BAE = {
						CreatedOnToolsVersion = 15.4;
					};
				};
			};
			buildConfigurationList = 5C9453E52C417B17008E4BAE /* Build configuration list for PBXProject "bethorwindows" */;
			compatibilityVersion = "Xcode 14.0";
			developmentRegion = en;
			hasScannedForEncodings = 0;
			knownRegions = (
				en,
				Base,
			);
			mainGroup = 5C9453E12C417B17008E4BAE;
			packageReferences = (
				5CB12B202CADC93C004CE57E /* XCRemoteSwiftPackageReference "supabase-swift" */,
			);
			productRefGroup = 5C9453EB2C417B17008E4BAE /* Products */;
			projectDirPath = "";
			projectRoot = "";
			targets = (
				5C9453E92C417B17008E4BAE /* bethorwindows */,
			);
		};
/* End PBXProject section */

/* Begin PBXResourcesBuildPhase section */
		5C9453E82C417B17008E4BAE /* Resources */ = {
			isa = PBXResourcesBuildPhase;
			buildActionMask = 2147483647;
			files = (
				5C9453F52C417B18008E4BAE /* Preview Assets.xcassets in Resources */,
				5C202D532CA4B2700032AEF9 /* gotham-light.otf in Resources */,
				5C202D482CA46CC10032AEF9 /* gotham-bold.otf in Resources */,
				5C9453F22C417B18008E4BAE /* Assets.xcassets in Resources */,
				5C202D562CA4B3A10032AEF9 /* gotham-light-italic.otf in Resources */,
			);
			runOnlyForDeploymentPostprocessing = 0;
		};
/* End PBXResourcesBuildPhase section */

/* Begin PBXSourcesBuildPhase section */
		5C9453E62C417B17008E4BAE /* Sources */ = {
			isa = PBXSourcesBuildPhase;
			buildActionMask = 2147483647;
			files = (
				5CB5DDA02CB03069009B7F74 /* ViewContent.swift in Sources */,
				5C0D6A812C939A7D00B0785D /* Router.swift in Sources */,
				5CE99EBB2CD034E0003AE1BF /* WindowDiagramItem.swift in Sources */,
				5CB12B2D2CADCE86004CE57E /* Array-NotEmpty.swift in Sources */,
				5C3829D02CD084B5004AAAE9 /* UIColor-fromHexString.swift in Sources */,
				5C0D6A872C93AAA100B0785D /* AboutTheArtistView.swift in Sources */,
				5C202D512CA4AB500032AEF9 /* Font-Gotham.swift in Sources */,
				5C9453FC2C41B220008E4BAE /* WindowDetailView.swift in Sources */,
				5CF8F0092C93AFA800608F7F /* BackgroundDetailView.swift in Sources */,
				5CB5DDA82CB081AE009B7F74 /* FailureView.swift in Sources */,
				5C9453F02C417B17008E4BAE /* ContentView.swift in Sources */,
				5CB12B272CADC96B004CE57E /* ViewModel.swift in Sources */,
				5C0D6A842C939D3E00B0785D /* Coordinator.swift in Sources */,
				5C1D2B2C2C49C7D300D18765 /* IntroductionView.swift in Sources */,
				5C1029BA2C8F6C4E00E653AD /* ARViewContainer.swift in Sources */,
				5CB5DDA62CB0390B009B7F74 /* OnLoadViewModifier.swift in Sources */,
				5CB5DDA22CB030D6009B7F74 /* ContentPrepareView.swift in Sources */,
				5CB12B2B2CADCAAC004CE57E /* Supabase.swift in Sources */,
				5C98E7FD2C4CA678009BCDD7 /* ListItemView.swift in Sources */,
				5C9453EE2C417B17008E4BAE /* AppDelegate.swift in Sources */,
				5C98E7FB2C4CA301009BCDD7 /* Constants.swift in Sources */,
				5CE99EC12CD07A1E003AE1BF /* WindowDiagramView.swift in Sources */,
				5CE7B53C2CD2E6EA009E4B30 /* ARExperience.swift in Sources */,
				5CE99EC32CD07F41003AE1BF /* WindowDiagramModel.swift in Sources */,
				5CD2FC8B2C4B1325003A168B /* Window.swift in Sources */,
				5C98E7FF2C4CA932009BCDD7 /* ListView.swift in Sources */,
				5CCC4A4E2CC952C0003719F8 /* WindowDetailCarousel.swift in Sources */,
				5CB5DDAA2CB08D54009B7F74 /* LoadingView.swift in Sources */,
			);
			runOnlyForDeploymentPostprocessing = 0;
		};
/* End PBXSourcesBuildPhase section */

/* Begin XCBuildConfiguration section */
		5C9453F62C417B18008E4BAE /* Debug */ = {
			isa = XCBuildConfiguration;
			buildSettings = {
				ALWAYS_SEARCH_USER_PATHS = NO;
				ASSETCATALOG_COMPILER_GENERATE_SWIFT_ASSET_SYMBOL_EXTENSIONS = YES;
				CLANG_ANALYZER_NONNULL = YES;
				CLANG_ANALYZER_NUMBER_OBJECT_CONVERSION = YES_AGGRESSIVE;
				CLANG_CXX_LANGUAGE_STANDARD = "gnu++20";
				CLANG_ENABLE_MODULES = YES;
				CLANG_ENABLE_OBJC_ARC = YES;
				CLANG_ENABLE_OBJC_WEAK = YES;
				CLANG_WARN_BLOCK_CAPTURE_AUTORELEASING = YES;
				CLANG_WARN_BOOL_CONVERSION = YES;
				CLANG_WARN_COMMA = YES;
				CLANG_WARN_CONSTANT_CONVERSION = YES;
				CLANG_WARN_DEPRECATED_OBJC_IMPLEMENTATIONS = YES;
				CLANG_WARN_DIRECT_OBJC_ISA_USAGE = YES_ERROR;
				CLANG_WARN_DOCUMENTATION_COMMENTS = YES;
				CLANG_WARN_EMPTY_BODY = YES;
				CLANG_WARN_ENUM_CONVERSION = YES;
				CLANG_WARN_INFINITE_RECURSION = YES;
				CLANG_WARN_INT_CONVERSION = YES;
				CLANG_WARN_NON_LITERAL_NULL_CONVERSION = YES;
				CLANG_WARN_OBJC_IMPLICIT_RETAIN_SELF = YES;
				CLANG_WARN_OBJC_LITERAL_CONVERSION = YES;
				CLANG_WARN_OBJC_ROOT_CLASS = YES_ERROR;
				CLANG_WARN_QUOTED_INCLUDE_IN_FRAMEWORK_HEADER = YES;
				CLANG_WARN_RANGE_LOOP_ANALYSIS = YES;
				CLANG_WARN_STRICT_PROTOTYPES = YES;
				CLANG_WARN_SUSPICIOUS_MOVE = YES;
				CLANG_WARN_UNGUARDED_AVAILABILITY = YES_AGGRESSIVE;
				CLANG_WARN_UNREACHABLE_CODE = YES;
				CLANG_WARN__DUPLICATE_METHOD_MATCH = YES;
				COPY_PHASE_STRIP = NO;
				DEBUG_INFORMATION_FORMAT = dwarf;
				ENABLE_STRICT_OBJC_MSGSEND = YES;
				ENABLE_TESTABILITY = YES;
				ENABLE_USER_SCRIPT_SANDBOXING = YES;
				GCC_C_LANGUAGE_STANDARD = gnu17;
				GCC_DYNAMIC_NO_PIC = NO;
				GCC_NO_COMMON_BLOCKS = YES;
				GCC_OPTIMIZATION_LEVEL = 0;
				GCC_PREPROCESSOR_DEFINITIONS = (
					"DEBUG=1",
					"$(inherited)",
				);
				GCC_WARN_64_TO_32_BIT_CONVERSION = YES;
				GCC_WARN_ABOUT_RETURN_TYPE = YES_ERROR;
				GCC_WARN_UNDECLARED_SELECTOR = YES;
				GCC_WARN_UNINITIALIZED_AUTOS = YES_AGGRESSIVE;
				GCC_WARN_UNUSED_FUNCTION = YES;
				GCC_WARN_UNUSED_VARIABLE = YES;
				IPHONEOS_DEPLOYMENT_TARGET = 17.5;
				LOCALIZATION_PREFERS_STRING_CATALOGS = YES;
				MTL_ENABLE_DEBUG_INFO = INCLUDE_SOURCE;
				MTL_FAST_MATH = YES;
				ONLY_ACTIVE_ARCH = YES;
				SDKROOT = iphoneos;
				SWIFT_ACTIVE_COMPILATION_CONDITIONS = "DEBUG $(inherited)";
				SWIFT_OPTIMIZATION_LEVEL = "-Onone";
			};
			name = Debug;
		};
		5C9453F72C417B18008E4BAE /* Release */ = {
			isa = XCBuildConfiguration;
			buildSettings = {
				ALWAYS_SEARCH_USER_PATHS = NO;
				ASSETCATALOG_COMPILER_GENERATE_SWIFT_ASSET_SYMBOL_EXTENSIONS = YES;
				CLANG_ANALYZER_NONNULL = YES;
				CLANG_ANALYZER_NUMBER_OBJECT_CONVERSION = YES_AGGRESSIVE;
				CLANG_CXX_LANGUAGE_STANDARD = "gnu++20";
				CLANG_ENABLE_MODULES = YES;
				CLANG_ENABLE_OBJC_ARC = YES;
				CLANG_ENABLE_OBJC_WEAK = YES;
				CLANG_WARN_BLOCK_CAPTURE_AUTORELEASING = YES;
				CLANG_WARN_BOOL_CONVERSION = YES;
				CLANG_WARN_COMMA = YES;
				CLANG_WARN_CONSTANT_CONVERSION = YES;
				CLANG_WARN_DEPRECATED_OBJC_IMPLEMENTATIONS = YES;
				CLANG_WARN_DIRECT_OBJC_ISA_USAGE = YES_ERROR;
				CLANG_WARN_DOCUMENTATION_COMMENTS = YES;
				CLANG_WARN_EMPTY_BODY = YES;
				CLANG_WARN_ENUM_CONVERSION = YES;
				CLANG_WARN_INFINITE_RECURSION = YES;
				CLANG_WARN_INT_CONVERSION = YES;
				CLANG_WARN_NON_LITERAL_NULL_CONVERSION = YES;
				CLANG_WARN_OBJC_IMPLICIT_RETAIN_SELF = YES;
				CLANG_WARN_OBJC_LITERAL_CONVERSION = YES;
				CLANG_WARN_OBJC_ROOT_CLASS = YES_ERROR;
				CLANG_WARN_QUOTED_INCLUDE_IN_FRAMEWORK_HEADER = YES;
				CLANG_WARN_RANGE_LOOP_ANALYSIS = YES;
				CLANG_WARN_STRICT_PROTOTYPES = YES;
				CLANG_WARN_SUSPICIOUS_MOVE = YES;
				CLANG_WARN_UNGUARDED_AVAILABILITY = YES_AGGRESSIVE;
				CLANG_WARN_UNREACHABLE_CODE = YES;
				CLANG_WARN__DUPLICATE_METHOD_MATCH = YES;
				COPY_PHASE_STRIP = NO;
				DEBUG_INFORMATION_FORMAT = "dwarf-with-dsym";
				ENABLE_NS_ASSERTIONS = NO;
				ENABLE_STRICT_OBJC_MSGSEND = YES;
				ENABLE_USER_SCRIPT_SANDBOXING = YES;
				GCC_C_LANGUAGE_STANDARD = gnu17;
				GCC_NO_COMMON_BLOCKS = YES;
				GCC_WARN_64_TO_32_BIT_CONVERSION = YES;
				GCC_WARN_ABOUT_RETURN_TYPE = YES_ERROR;
				GCC_WARN_UNDECLARED_SELECTOR = YES;
				GCC_WARN_UNINITIALIZED_AUTOS = YES_AGGRESSIVE;
				GCC_WARN_UNUSED_FUNCTION = YES;
				GCC_WARN_UNUSED_VARIABLE = YES;
				IPHONEOS_DEPLOYMENT_TARGET = 17.5;
				LOCALIZATION_PREFERS_STRING_CATALOGS = YES;
				MTL_ENABLE_DEBUG_INFO = NO;
				MTL_FAST_MATH = YES;
				SDKROOT = iphoneos;
				SWIFT_COMPILATION_MODE = wholemodule;
				VALIDATE_PRODUCT = YES;
			};
			name = Release;
		};
		5C9453F92C417B18008E4BAE /* Debug */ = {
			isa = XCBuildConfiguration;
			buildSettings = {
				ASSETCATALOG_COMPILER_APPICON_NAME = AppIcon;
				ASSETCATALOG_COMPILER_GLOBAL_ACCENT_COLOR_NAME = AccentColor;
				ASSETCATALOG_COMPILER_INCLUDE_ALL_APPICON_ASSETS = NO;
				CODE_SIGN_STYLE = Automatic;
				CURRENT_PROJECT_VERSION = 1;
				DEVELOPMENT_ASSET_PATHS = "\"bethorwindows/Preview Content\"";
				DEVELOPMENT_TEAM = DVQB5A7DM2;
				ENABLE_PREVIEWS = YES;
				GENERATE_INFOPLIST_FILE = YES;
				INFOPLIST_FILE = bethorwindows/Info.plist;
				INFOPLIST_KEY_CFBundleDisplayName = "Stained Glass AR";
				INFOPLIST_KEY_LSApplicationCategoryType = "public.app-category.education";
				INFOPLIST_KEY_NSCameraUsageDescription = "Camera access is required to identify the windows around you.";
				INFOPLIST_KEY_UIApplicationSupportsIndirectInputEvents = YES;
				INFOPLIST_KEY_UIRequiredDeviceCapabilities = arkit;
				INFOPLIST_KEY_UIRequiresFullScreen = YES;
				INFOPLIST_KEY_UIStatusBarHidden = YES;
				INFOPLIST_KEY_UISupportedInterfaceOrientations = UIInterfaceOrientationPortrait;
				IPHONEOS_DEPLOYMENT_TARGET = 18.0;
				LD_RUNPATH_SEARCH_PATHS = (
					"$(inherited)",
					"@executable_path/Frameworks",
				);
				MARKETING_VERSION = 1.0;
				PRODUCT_BUNDLE_IDENTIFIER = com.lexbonder.bethorwindows;
				PRODUCT_NAME = "$(TARGET_NAME)";
				SUPPORTED_PLATFORMS = "iphoneos iphonesimulator";
				SUPPORTS_MACCATALYST = NO;
				SUPPORTS_MAC_DESIGNED_FOR_IPHONE_IPAD = NO;
				SUPPORTS_XR_DESIGNED_FOR_IPHONE_IPAD = NO;
				SWIFT_EMIT_LOC_STRINGS = YES;
				SWIFT_VERSION = 5.0;
				TARGETED_DEVICE_FAMILY = "1,2";
			};
			name = Debug;
		};
		5C9453FA2C417B18008E4BAE /* Release */ = {
			isa = XCBuildConfiguration;
			buildSettings = {
				ASSETCATALOG_COMPILER_APPICON_NAME = AppIcon;
				ASSETCATALOG_COMPILER_GLOBAL_ACCENT_COLOR_NAME = AccentColor;
				ASSETCATALOG_COMPILER_INCLUDE_ALL_APPICON_ASSETS = NO;
				CODE_SIGN_STYLE = Automatic;
				CURRENT_PROJECT_VERSION = 1;
				DEVELOPMENT_ASSET_PATHS = "\"bethorwindows/Preview Content\"";
				DEVELOPMENT_TEAM = DVQB5A7DM2;
				ENABLE_PREVIEWS = YES;
				GENERATE_INFOPLIST_FILE = YES;
				INFOPLIST_FILE = bethorwindows/Info.plist;
				INFOPLIST_KEY_CFBundleDisplayName = "Stained Glass AR";
				INFOPLIST_KEY_LSApplicationCategoryType = "public.app-category.education";
				INFOPLIST_KEY_NSCameraUsageDescription = "Camera access is required to identify the windows around you.";
				INFOPLIST_KEY_UIApplicationSupportsIndirectInputEvents = YES;
				INFOPLIST_KEY_UIRequiredDeviceCapabilities = arkit;
				INFOPLIST_KEY_UIRequiresFullScreen = YES;
				INFOPLIST_KEY_UIStatusBarHidden = YES;
				INFOPLIST_KEY_UISupportedInterfaceOrientations = UIInterfaceOrientationPortrait;
				IPHONEOS_DEPLOYMENT_TARGET = 18.0;
				LD_RUNPATH_SEARCH_PATHS = (
					"$(inherited)",
					"@executable_path/Frameworks",
				);
				MARKETING_VERSION = 1.0;
				PRODUCT_BUNDLE_IDENTIFIER = com.lexbonder.bethorwindows;
				PRODUCT_NAME = "$(TARGET_NAME)";
				SUPPORTED_PLATFORMS = "iphoneos iphonesimulator";
				SUPPORTS_MACCATALYST = NO;
				SUPPORTS_MAC_DESIGNED_FOR_IPHONE_IPAD = NO;
				SUPPORTS_XR_DESIGNED_FOR_IPHONE_IPAD = NO;
				SWIFT_EMIT_LOC_STRINGS = YES;
				SWIFT_VERSION = 5.0;
				TARGETED_DEVICE_FAMILY = "1,2";
			};
			name = Release;
		};
/* End XCBuildConfiguration section */

/* Begin XCConfigurationList section */
		5C9453E52C417B17008E4BAE /* Build configuration list for PBXProject "bethorwindows" */ = {
			isa = XCConfigurationList;
			buildConfigurations = (
				5C9453F62C417B18008E4BAE /* Debug */,
				5C9453F72C417B18008E4BAE /* Release */,
			);
			defaultConfigurationIsVisible = 0;
			defaultConfigurationName = Release;
		};
		5C9453F82C417B18008E4BAE /* Build configuration list for PBXNativeTarget "bethorwindows" */ = {
			isa = XCConfigurationList;
			buildConfigurations = (
				5C9453F92C417B18008E4BAE /* Debug */,
				5C9453FA2C417B18008E4BAE /* Release */,
			);
			defaultConfigurationIsVisible = 0;
			defaultConfigurationName = Release;
		};
/* End XCConfigurationList section */

/* Begin XCRemoteSwiftPackageReference section */
		5CB12B202CADC93C004CE57E /* XCRemoteSwiftPackageReference "supabase-swift" */ = {
			isa = XCRemoteSwiftPackageReference;
			repositoryURL = "https://github.com/supabase-community/supabase-swift.git";
			requirement = {
				kind = upToNextMajorVersion;
				minimumVersion = 2.5.1;
			};
		};
/* End XCRemoteSwiftPackageReference section */

/* Begin XCSwiftPackageProductDependency section */
		5CB12B212CADC93C004CE57E /* Storage */ = {
			isa = XCSwiftPackageProductDependency;
			package = 5CB12B202CADC93C004CE57E /* XCRemoteSwiftPackageReference "supabase-swift" */;
			productName = Storage;
		};
		5CB12B232CADC93C004CE57E /* Supabase */ = {
			isa = XCSwiftPackageProductDependency;
			package = 5CB12B202CADC93C004CE57E /* XCRemoteSwiftPackageReference "supabase-swift" */;
			productName = Supabase;
		};
/* End XCSwiftPackageProductDependency section */
	};
	rootObject = 5C9453E22C417B17008E4BAE /* Project object */;
}
